# THIS IS AN AUTOGENERATED FILE. DO NOT EDIT THIS FILE DIRECTLY.
# yarn lockfile v1


"@types/flat@^5.0.2":
  version "5.0.2"
  resolved "https://registry.yarnpkg.com/@types/flat/-/flat-5.0.2.tgz#642a51a037d1f52fda082312b0e4566dc09a9f8f"
  integrity sha512-3zsplnP2djeps5P9OyarTxwRpMLoe5Ash8aL9iprw0JxB+FAHjY+ifn4yZUuW4/9hqtnmor6uvjSRzJhiVbrEQ==

flat@^5.0.2:
  version "5.0.2"
  resolved "https://registry.yarnpkg.com/flat/-/flat-5.0.2.tgz#8ca6fe332069ffa9d324c327198c598259ceb241"
  integrity sha512-b6suED+5/3rTpUBdG1gupIl8MPFCAMA0QXwmljLhvCUKcUvdE4gWky9zpuGCcXHOsz4J9wPGNWq6OKpmIzz3hQ==
